
Microsoft Visual Studio Solution File, Format Version 12.00
# Visual Studio 15
VisualStudioVersion = 15.0.28307.779
MinimumVisualStudioVersion = 10.0.40219.1
Project("{FAE04EC0-301F-11D3-BF4B-00C04F79EFBC}") = "App1", "App1\App1.csproj", "{F34330C5-C8C6-4D2B-A589-61500FA3BF0F}"
EndProject
Global
	GlobalSection(SolutionConfigurationPlatforms) = preSolution
		Debug|Any CPU = Debug|Any CPU
		Release|Any CPU = Release|Any CPU
	EndGlobalSection
	GlobalSection(ProjectConfigurationPlatforms) = postSolution
		{F34330C5-C8C6-4D2B-A589-61500FA3BF0F}.Debug|Any CPU.ActiveCfg = Debug|Any CPU
		{F34330C5-C8C6-4D2B-A589-61500FA3BF0F}.Debug|Any CPU.Build.0 = Debug|Any CPU
		{F34330C5-C8C6-4D2B-A589-61500FA3BF0F}.Release|Any CPU.ActiveCfg = Release|Any CPU
		{F34330C5-C8C6-4D2B-A589-61500FA3BF0F}.Release|Any CPU.Build.0 = Release|Any CPU
	EndGlobalSection
	GlobalSection(SolutionProperties) = preSolution
		HideSolutionNode = FALSE
	EndGlobalSection
	GlobalSection(ExtensibilityGlobals) = postSolution
		SolutionGuid = {E834673A-3CD6-40E2-ADDC-AB5E3336BBB6}
	EndGlobalSection
EndGlobal
